
Microsoft Visual Studio Solution File, Format Version 12.00
# Visual Studio Version 17
VisualStudioVersion = 17.9.34728.123
MinimumVisualStudioVersion = 10.0.40219.1
Project("{9A19103F-16F7-4668-BE54-9A1E7A4F7556}") = "MyReddit.API", "MyReddit.API\MyReddit.API.csproj", "{165B3D8B-D266-4411-875A-988B43401170}"
EndProject
Project("{9A19103F-16F7-4668-BE54-9A1E7A4F7556}") = "MyReddit.Core", "MyReddit.Core\MyReddit.Core.csproj", "{3112BFF4-BD7A-4A85-81FB-857AB76EFD5D}"
EndProject
Project("{9A19103F-16F7-4668-BE54-9A1E7A4F7556}") = "MyReddit.DataAccess", "MyReddit.DataAccess\MyReddit.DataAccess.csproj", "{F24C26BB-A1CA-46CC-B86C-CC48750B37AF}"
EndProject
Project("{9A19103F-16F7-4668-BE54-9A1E7A4F7556}") = "MyReddit.Application", "MyReddit.Application\MyReddit.Application.csproj", "{4F632A82-E441-449C-B6C8-3ACF495A5401}"
EndProject
Global
	GlobalSection(SolutionConfigurationPlatforms) = preSolution
		Debug|Any CPU = Debug|Any CPU
		Release|Any CPU = Release|Any CPU
	EndGlobalSection
	GlobalSection(ProjectConfigurationPlatforms) = postSolution
		{165B3D8B-D266-4411-875A-988B43401170}.Debug|Any CPU.ActiveCfg = Debug|Any CPU
		{165B3D8B-D266-4411-875A-988B43401170}.Debug|Any CPU.Build.0 = Debug|Any CPU
		{165B3D8B-D266-4411-875A-988B43401170}.Release|Any CPU.ActiveCfg = Release|Any CPU
		{165B3D8B-D266-4411-875A-988B43401170}.Release|Any CPU.Build.0 = Release|Any CPU
		{3112BFF4-BD7A-4A85-81FB-857AB76EFD5D}.Debug|Any CPU.ActiveCfg = Debug|Any CPU
		{3112BFF4-BD7A-4A85-81FB-857AB76EFD5D}.Debug|Any CPU.Build.0 = Debug|Any CPU
		{3112BFF4-BD7A-4A85-81FB-857AB76EFD5D}.Release|Any CPU.ActiveCfg = Release|Any CPU
		{3112BFF4-BD7A-4A85-81FB-857AB76EFD5D}.Release|Any CPU.Build.0 = Release|Any CPU
		{F24C26BB-A1CA-46CC-B86C-CC48750B37AF}.Debug|Any CPU.ActiveCfg = Debug|Any CPU
		{F24C26BB-A1CA-46CC-B86C-CC48750B37AF}.Debug|Any CPU.Build.0 = Debug|Any CPU
		{F24C26BB-A1CA-46CC-B86C-CC48750B37AF}.Release|Any CPU.ActiveCfg = Release|Any CPU
		{F24C26BB-A1CA-46CC-B86C-CC48750B37AF}.Release|Any CPU.Build.0 = Release|Any CPU
		{4F632A82-E441-449C-B6C8-3ACF495A5401}.Debug|Any CPU.ActiveCfg = Debug|Any CPU
		{4F632A82-E441-449C-B6C8-3ACF495A5401}.Debug|Any CPU.Build.0 = Debug|Any CPU
		{4F632A82-E441-449C-B6C8-3ACF495A5401}.Release|Any CPU.ActiveCfg = Release|Any CPU
		{4F632A82-E441-449C-B6C8-3ACF495A5401}.Release|Any CPU.Build.0 = Release|Any CPU
	EndGlobalSection
	GlobalSection(SolutionProperties) = preSolution
		HideSolutionNode = FALSE
	EndGlobalSection
	GlobalSection(ExtensibilityGlobals) = postSolution
		SolutionGuid = {59F1B60F-9C68-4D25-948C-1DBBB2EC17A4}
	EndGlobalSection
EndGlobal
